
Microsoft Visual Studio Solution File, Format Version 12.00
# Visual Studio Version 17
VisualStudioVersion = 17.5.33103.201
MinimumVisualStudioVersion = 10.0.40219.1
Project("{9A19103F-16F7-4668-BE54-9A1E7A4F7556}") = "FishCardGame.Cards", "FishCardGame.Cards\FishCardGame.Cards.csproj", "{98C4148D-0EE7-48E8-9124-7813A254354D}"
EndProject
Project("{9A19103F-16F7-4668-BE54-9A1E7A4F7556}") = "FishCardGame.ConsoleTest", "FishCardGame.ConsoleTest\FishCardGame.ConsoleTest.csproj", "{590580BA-D957-43EF-8F60-C432B8E3E925}"
EndProject
Project("{9A19103F-16F7-4668-BE54-9A1E7A4F7556}") = "FishCardGame.FirstDemo", "FishCardGame.FirstDemo\FishCardGame.FirstDemo.csproj", "{CB6234B4-8E4F-4F01-839D-17B168B54E52}"
EndProject
Project("{2150E333-8FDC-42A3-9474-1A3956D46DE8}") = "解决方案项", "解决方案项", "{0F5558C8-1F58-4E96-817A-A026D508D1BC}"
	ProjectSection(SolutionItems) = preProject
		LICENSE.txt = LICENSE.txt
		README.md = README.md
	EndProjectSection
EndProject
Project("{2150E333-8FDC-42A3-9474-1A3956D46DE8}") = "res", "res", "{5CC71444-1B2C-40D3-A18B-1EB5B407032D}"
	ProjectSection(SolutionItems) = preProject
		F:\Minecraft\res\assets\minecraft\textures\block\box.png = F:\Minecraft\res\assets\minecraft\textures\block\box.png
		F:\Minecraft\res\assets\minecraft\textures\item\heart.png = F:\Minecraft\res\assets\minecraft\textures\item\heart.png
		F:\Minecraft\res\assets\minecraft\textures\item\sword.png = F:\Minecraft\res\assets\minecraft\textures\item\sword.png
		res.razor = res.razor
	EndProjectSection
EndProject
Project("{FAE04EC0-301F-11D3-BF4B-00C04F79EFBC}") = "BootstrapBlazorApp.Server", "FishCardGame.UI\BootstrapBlazorApp.Server\BootstrapBlazorApp.Server.csproj", "{E599CE3E-82B6-4FC8-A93B-7D70A2E8E46A}"
EndProject
Project("{FAE04EC0-301F-11D3-BF4B-00C04F79EFBC}") = "BootstrapBlazorApp.Shared", "FishCardGame.UI\BootstrapBlazorApp.Shared\BootstrapBlazorApp.Shared.csproj", "{D2CCCE6C-E070-476E-A865-586843E5577F}"
EndProject
Project("{FAE04EC0-301F-11D3-BF4B-00C04F79EFBC}") = "BootstrapBlazorApp.WebAssembly", "FishCardGame.UI\BootstrapBlazorApp.WebAssembly\BootstrapBlazorApp.WebAssembly.csproj", "{9CCA9022-AED7-4378-AF27-E78DBC566817}"
EndProject
Global
	GlobalSection(SolutionConfigurationPlatforms) = preSolution
		Debug|Any CPU = Debug|Any CPU
		Debug|x64 = Debug|x64
		Debug|x86 = Debug|x86
		Release|Any CPU = Release|Any CPU
		Release|x64 = Release|x64
		Release|x86 = Release|x86
	EndGlobalSection
	GlobalSection(ProjectConfigurationPlatforms) = postSolution
		{98C4148D-0EE7-48E8-9124-7813A254354D}.Debug|Any CPU.ActiveCfg = Debug|Any CPU
		{98C4148D-0EE7-48E8-9124-7813A254354D}.Debug|Any CPU.Build.0 = Debug|Any CPU
		{98C4148D-0EE7-48E8-9124-7813A254354D}.Debug|x64.ActiveCfg = Debug|x64
		{98C4148D-0EE7-48E8-9124-7813A254354D}.Debug|x64.Build.0 = Debug|x64
		{98C4148D-0EE7-48E8-9124-7813A254354D}.Debug|x86.ActiveCfg = Debug|x86
		{98C4148D-0EE7-48E8-9124-7813A254354D}.Debug|x86.Build.0 = Debug|x86
		{98C4148D-0EE7-48E8-9124-7813A254354D}.Release|Any CPU.ActiveCfg = Release|Any CPU
		{98C4148D-0EE7-48E8-9124-7813A254354D}.Release|Any CPU.Build.0 = Release|Any CPU
		{98C4148D-0EE7-48E8-9124-7813A254354D}.Release|x64.ActiveCfg = Release|x64
		{98C4148D-0EE7-48E8-9124-7813A254354D}.Release|x64.Build.0 = Release|x64
		{98C4148D-0EE7-48E8-9124-7813A254354D}.Release|x86.ActiveCfg = Release|x86
		{98C4148D-0EE7-48E8-9124-7813A254354D}.Release|x86.Build.0 = Release|x86
		{590580BA-D957-43EF-8F60-C432B8E3E925}.Debug|Any CPU.ActiveCfg = Debug|Any CPU
		{590580BA-D957-43EF-8F60-C432B8E3E925}.Debug|Any CPU.Build.0 = Debug|Any CPU
		{590580BA-D957-43EF-8F60-C432B8E3E925}.Debug|x64.ActiveCfg = Debug|Any CPU
		{590580BA-D957-43EF-8F60-C432B8E3E925}.Debug|x64.Build.0 = Debug|Any CPU
		{590580BA-D957-43EF-8F60-C432B8E3E925}.Debug|x86.ActiveCfg = Debug|x86
		{590580BA-D957-43EF-8F60-C432B8E3E925}.Debug|x86.Build.0 = Debug|x86
		{590580BA-D957-43EF-8F60-C432B8E3E925}.Release|Any CPU.ActiveCfg = Release|Any CPU
		{590580BA-D957-43EF-8F60-C432B8E3E925}.Release|Any CPU.Build.0 = Release|Any CPU
		{590580BA-D957-43EF-8F60-C432B8E3E925}.Release|x64.ActiveCfg = Release|Any CPU
		{590580BA-D957-43EF-8F60-C432B8E3E925}.Release|x64.Build.0 = Release|Any CPU
		{590580BA-D957-43EF-8F60-C432B8E3E925}.Release|x86.ActiveCfg = Release|x86
		{590580BA-D957-43EF-8F60-C432B8E3E925}.Release|x86.Build.0 = Release|x86
		{CB6234B4-8E4F-4F01-839D-17B168B54E52}.Debug|Any CPU.ActiveCfg = Debug|Any CPU
		{CB6234B4-8E4F-4F01-839D-17B168B54E52}.Debug|Any CPU.Build.0 = Debug|Any CPU
		{CB6234B4-8E4F-4F01-839D-17B168B54E52}.Debug|x64.ActiveCfg = Debug|Any CPU
		{CB6234B4-8E4F-4F01-839D-17B168B54E52}.Debug|x64.Build.0 = Debug|Any CPU
		{CB6234B4-8E4F-4F01-839D-17B168B54E52}.Debug|x86.ActiveCfg = Debug|x86
		{CB6234B4-8E4F-4F01-839D-17B168B54E52}.Debug|x86.Build.0 = Debug|x86
		{CB6234B4-8E4F-4F01-839D-17B168B54E52}.Release|Any CPU.ActiveCfg = Release|Any CPU
		{CB6234B4-8E4F-4F01-839D-17B168B54E52}.Release|Any CPU.Build.0 = Release|Any CPU
		{CB6234B4-8E4F-4F01-839D-17B168B54E52}.Release|x64.ActiveCfg = Release|Any CPU
		{CB6234B4-8E4F-4F01-839D-17B168B54E52}.Release|x64.Build.0 = Release|Any CPU
		{CB6234B4-8E4F-4F01-839D-17B168B54E52}.Release|x86.ActiveCfg = Release|x86
		{CB6234B4-8E4F-4F01-839D-17B168B54E52}.Release|x86.Build.0 = Release|x86
		{E599CE3E-82B6-4FC8-A93B-7D70A2E8E46A}.Debug|Any CPU.ActiveCfg = Debug|Any CPU
		{E599CE3E-82B6-4FC8-A93B-7D70A2E8E46A}.Debug|Any CPU.Build.0 = Debug|Any CPU
		{E599CE3E-82B6-4FC8-A93B-7D70A2E8E46A}.Debug|x64.ActiveCfg = Debug|Any CPU
		{E599CE3E-82B6-4FC8-A93B-7D70A2E8E46A}.Debug|x64.Build.0 = Debug|Any CPU
		{E599CE3E-82B6-4FC8-A93B-7D70A2E8E46A}.Debug|x86.ActiveCfg = Debug|Any CPU
		{E599CE3E-82B6-4FC8-A93B-7D70A2E8E46A}.Debug|x86.Build.0 = Debug|Any CPU
		{E599CE3E-82B6-4FC8-A93B-7D70A2E8E46A}.Release|Any CPU.ActiveCfg = Release|Any CPU
		{E599CE3E-82B6-4FC8-A93B-7D70A2E8E46A}.Release|Any CPU.Build.0 = Release|Any CPU
		{E599CE3E-82B6-4FC8-A93B-7D70A2E8E46A}.Release|x64.ActiveCfg = Release|Any CPU
		{E599CE3E-82B6-4FC8-A93B-7D70A2E8E46A}.Release|x64.Build.0 = Release|Any CPU
		{E599CE3E-82B6-4FC8-A93B-7D70A2E8E46A}.Release|x86.ActiveCfg = Release|Any CPU
		{E599CE3E-82B6-4FC8-A93B-7D70A2E8E46A}.Release|x86.Build.0 = Release|Any CPU
		{D2CCCE6C-E070-476E-A865-586843E5577F}.Debug|Any CPU.ActiveCfg = Debug|Any CPU
		{D2CCCE6C-E070-476E-A865-586843E5577F}.Debug|Any CPU.Build.0 = Debug|Any CPU
		{D2CCCE6C-E070-476E-A865-586843E5577F}.Debug|x64.ActiveCfg = Debug|Any CPU
		{D2CCCE6C-E070-476E-A865-586843E5577F}.Debug|x64.Build.0 = Debug|Any CPU
		{D2CCCE6C-E070-476E-A865-586843E5577F}.Debug|x86.ActiveCfg = Debug|Any CPU
		{D2CCCE6C-E070-476E-A865-586843E5577F}.Debug|x86.Build.0 = Debug|Any CPU
		{D2CCCE6C-E070-476E-A865-586843E5577F}.Release|Any CPU.ActiveCfg = Release|Any CPU
		{D2CCCE6C-E070-476E-A865-586843E5577F}.Release|Any CPU.Build.0 = Release|Any CPU
		{D2CCCE6C-E070-476E-A865-586843E5577F}.Release|x64.ActiveCfg = Release|Any CPU
		{D2CCCE6C-E070-476E-A865-586843E5577F}.Release|x64.Build.0 = Release|Any CPU
		{D2CCCE6C-E070-476E-A865-586843E5577F}.Release|x86.ActiveCfg = Release|Any CPU
		{D2CCCE6C-E070-476E-A865-586843E5577F}.Release|x86.Build.0 = Release|Any CPU
		{9CCA9022-AED7-4378-AF27-E78DBC566817}.Debug|Any CPU.ActiveCfg = Debug|Any CPU
		{9CCA9022-AED7-4378-AF27-E78DBC566817}.Debug|Any CPU.Build.0 = Debug|Any CPU
		{9CCA9022-AED7-4378-AF27-E78DBC566817}.Debug|x64.ActiveCfg = Debug|Any CPU
		{9CCA9022-AED7-4378-AF27-E78DBC566817}.Debug|x64.Build.0 = Debug|Any CPU
		{9CCA9022-AED7-4378-AF27-E78DBC566817}.Debug|x86.ActiveCfg = Debug|Any CPU
		{9CCA9022-AED7-4378-AF27-E78DBC566817}.Debug|x86.Build.0 = Debug|Any CPU
		{9CCA9022-AED7-4378-AF27-E78DBC566817}.Release|Any CPU.ActiveCfg = Release|Any CPU
		{9CCA9022-AED7-4378-AF27-E78DBC566817}.Release|Any CPU.Build.0 = Release|Any CPU
		{9CCA9022-AED7-4378-AF27-E78DBC566817}.Release|x64.ActiveCfg = Release|Any CPU
		{9CCA9022-AED7-4378-AF27-E78DBC566817}.Release|x64.Build.0 = Release|Any CPU
		{9CCA9022-AED7-4378-AF27-E78DBC566817}.Release|x86.ActiveCfg = Release|Any CPU
		{9CCA9022-AED7-4378-AF27-E78DBC566817}.Release|x86.Build.0 = Release|Any CPU
	EndGlobalSection
	GlobalSection(SolutionProperties) = preSolution
		HideSolutionNode = FALSE
	EndGlobalSection
	GlobalSection(ExtensibilityGlobals) = postSolution
		SolutionGuid = {E4E818C5-511F-4BF8-B590-A4E25FB8DCF5}
	EndGlobalSection
EndGlobal
